
Microsoft Visual Studio Solution File, Format Version 12.00
# Visual Studio Version 17
VisualStudioVersion = 17.8.34511.84
MinimumVisualStudioVersion = 10.0.40219.1
Project("{9A19103F-16F7-4668-BE54-9A1E7A4F7556}") = "Entidades", "Entidades\Entidades.csproj", "{B81E7A98-897D-438E-8EDA-18FD6C642491}"
EndProject
Project("{9A19103F-16F7-4668-BE54-9A1E7A4F7556}") = "Services", "Services\Services.csproj", "{C2668DE8-E4FE-4C8B-9F9D-C79730E366D5}"
EndProject
Project("{FAE04EC0-301F-11D3-BF4B-00C04F79EFBC}") = "Ecommerce-API", "Ecommerce-API\Ecommerce-API.csproj", "{83E4255F-52A9-4541-B68E-63C18C049700}"
EndProject
Global
	GlobalSection(SolutionConfigurationPlatforms) = preSolution
		Debug|Any CPU = Debug|Any CPU
		Release|Any CPU = Release|Any CPU
	EndGlobalSection
	GlobalSection(ProjectConfigurationPlatforms) = postSolution
		{B81E7A98-897D-438E-8EDA-18FD6C642491}.Debug|Any CPU.ActiveCfg = Debug|Any CPU
		{B81E7A98-897D-438E-8EDA-18FD6C642491}.Debug|Any CPU.Build.0 = Debug|Any CPU
		{B81E7A98-897D-438E-8EDA-18FD6C642491}.Release|Any CPU.ActiveCfg = Release|Any CPU
		{B81E7A98-897D-438E-8EDA-18FD6C642491}.Release|Any CPU.Build.0 = Release|Any CPU
		{C2668DE8-E4FE-4C8B-9F9D-C79730E366D5}.Debug|Any CPU.ActiveCfg = Debug|Any CPU
		{C2668DE8-E4FE-4C8B-9F9D-C79730E366D5}.Debug|Any CPU.Build.0 = Debug|Any CPU
		{C2668DE8-E4FE-4C8B-9F9D-C79730E366D5}.Release|Any CPU.ActiveCfg = Release|Any CPU
		{C2668DE8-E4FE-4C8B-9F9D-C79730E366D5}.Release|Any CPU.Build.0 = Release|Any CPU
		{83E4255F-52A9-4541-B68E-63C18C049700}.Debug|Any CPU.ActiveCfg = Debug|Any CPU
		{83E4255F-52A9-4541-B68E-63C18C049700}.Debug|Any CPU.Build.0 = Debug|Any CPU
		{83E4255F-52A9-4541-B68E-63C18C049700}.Release|Any CPU.ActiveCfg = Release|Any CPU
		{83E4255F-52A9-4541-B68E-63C18C049700}.Release|Any CPU.Build.0 = Release|Any CPU
	EndGlobalSection
	GlobalSection(SolutionProperties) = preSolution
		HideSolutionNode = FALSE
	EndGlobalSection
	GlobalSection(ExtensibilityGlobals) = postSolution
		SolutionGuid = {5B4F8EF1-75AB-4B96-A85F-102A94AD3266}
	EndGlobalSection
EndGlobal
